
Microsoft Visual Studio Solution File, Format Version 12.00
# Visual Studio Version 16
VisualStudioVersion = 16.0.32510.428
MinimumVisualStudioVersion = 10.0.40219.1
Project("{FAE04EC0-301F-11D3-BF4B-00C04F79EFBC}") = "InsertionSort", "InsertionSort\InsertionSort.csproj", "{3030D8BA-A774-40A9-8FCC-464AAA7DB56E}"
EndProject
Project("{9A19103F-16F7-4668-BE54-9A1E7A4F7556}") = "BubbleSort", "BubbleSort\BubbleSort.csproj", "{5D531F36-9FCE-4208-8DCD-1D7D767977D6}"
EndProject
Project("{FAE04EC0-301F-11D3-BF4B-00C04F79EFBC}") = "MergeSort", "MergeSort\MergeSort.csproj", "{9633BFEA-E82F-4F96-8280-F0E8CAEC76B0}"
EndProject
Global
	GlobalSection(SolutionConfigurationPlatforms) = preSolution
		Debug|Any CPU = Debug|Any CPU
		Release|Any CPU = Release|Any CPU
	EndGlobalSection
	GlobalSection(ProjectConfigurationPlatforms) = postSolution
		{3030D8BA-A774-40A9-8FCC-464AAA7DB56E}.Debug|Any CPU.ActiveCfg = Debug|Any CPU
		{3030D8BA-A774-40A9-8FCC-464AAA7DB56E}.Debug|Any CPU.Build.0 = Debug|Any CPU
		{3030D8BA-A774-40A9-8FCC-464AAA7DB56E}.Release|Any CPU.ActiveCfg = Release|Any CPU
		{3030D8BA-A774-40A9-8FCC-464AAA7DB56E}.Release|Any CPU.Build.0 = Release|Any CPU
		{5D531F36-9FCE-4208-8DCD-1D7D767977D6}.Debug|Any CPU.ActiveCfg = Debug|Any CPU
		{5D531F36-9FCE-4208-8DCD-1D7D767977D6}.Debug|Any CPU.Build.0 = Debug|Any CPU
		{5D531F36-9FCE-4208-8DCD-1D7D767977D6}.Release|Any CPU.ActiveCfg = Release|Any CPU
		{5D531F36-9FCE-4208-8DCD-1D7D767977D6}.Release|Any CPU.Build.0 = Release|Any CPU
		{9633BFEA-E82F-4F96-8280-F0E8CAEC76B0}.Debug|Any CPU.ActiveCfg = Debug|Any CPU
		{9633BFEA-E82F-4F96-8280-F0E8CAEC76B0}.Debug|Any CPU.Build.0 = Debug|Any CPU
		{9633BFEA-E82F-4F96-8280-F0E8CAEC76B0}.Release|Any CPU.ActiveCfg = Release|Any CPU
		{9633BFEA-E82F-4F96-8280-F0E8CAEC76B0}.Release|Any CPU.Build.0 = Release|Any CPU
	EndGlobalSection
	GlobalSection(SolutionProperties) = preSolution
		HideSolutionNode = FALSE
	EndGlobalSection
	GlobalSection(ExtensibilityGlobals) = postSolution
		SolutionGuid = {A8021B62-C8DB-4B16-B5F9-BF75A942CA9C}
	EndGlobalSection
EndGlobal
